
Microsoft Visual Studio Solution File, Format Version 12.00
# Visual Studio Version 16
VisualStudioVersion = 16.0.31729.503
MinimumVisualStudioVersion = 10.0.40219.1
Project("{8BC9CEB8-8B4A-11D0-8D11-00A0C91BC942}") = "Zad01", "Zad01\Zad01.vcxproj", "{CE0E1C64-BA44-4162-B418-D563D72EDC8D}"
EndProject
Project("{8BC9CEB8-8B4A-11D0-8D11-00A0C91BC942}") = "Zad02", "Zad02\Zad02.vcxproj", "{FC2141E7-0D20-49DA-AF85-6936E3845459}"
EndProject
Global
	GlobalSection(SolutionConfigurationPlatforms) = preSolution
		Debug|x64 = Debug|x64
		Debug|x86 = Debug|x86
		Release|x64 = Release|x64
		Release|x86 = Release|x86
	EndGlobalSection
	GlobalSection(ProjectConfigurationPlatforms) = postSolution
		{CE0E1C64-BA44-4162-B418-D563D72EDC8D}.Debug|x64.ActiveCfg = Debug|x64
		{CE0E1C64-BA44-4162-B418-D563D72EDC8D}.Debug|x64.Build.0 = Debug|x64
		{CE0E1C64-BA44-4162-B418-D563D72EDC8D}.Debug|x86.ActiveCfg = Debug|Win32
		{CE0E1C64-BA44-4162-B418-D563D72EDC8D}.Debug|x86.Build.0 = Debug|Win32
		{CE0E1C64-BA44-4162-B418-D563D72EDC8D}.Release|x64.ActiveCfg = Release|x64
		{CE0E1C64-BA44-4162-B418-D563D72EDC8D}.Release|x64.Build.0 = Release|x64
		{CE0E1C64-BA44-4162-B418-D563D72EDC8D}.Release|x86.ActiveCfg = Release|Win32
		{CE0E1C64-BA44-4162-B418-D563D72EDC8D}.Release|x86.Build.0 = Release|Win32
		{FC2141E7-0D20-49DA-AF85-6936E3845459}.Debug|x64.ActiveCfg = Debug|x64
		{FC2141E7-0D20-49DA-AF85-6936E3845459}.Debug|x64.Build.0 = Debug|x64
		{FC2141E7-0D20-49DA-AF85-6936E3845459}.Debug|x86.ActiveCfg = Debug|Win32
		{FC2141E7-0D20-49DA-AF85-6936E3845459}.Debug|x86.Build.0 = Debug|Win32
		{FC2141E7-0D20-49DA-AF85-6936E3845459}.Release|x64.ActiveCfg = Release|x64
		{FC2141E7-0D20-49DA-AF85-6936E3845459}.Release|x64.Build.0 = Release|x64
		{FC2141E7-0D20-49DA-AF85-6936E3845459}.Release|x86.ActiveCfg = Release|Win32
		{FC2141E7-0D20-49DA-AF85-6936E3845459}.Release|x86.Build.0 = Release|Win32
	EndGlobalSection
	GlobalSection(SolutionProperties) = preSolution
		HideSolutionNode = FALSE
	EndGlobalSection
	GlobalSection(ExtensibilityGlobals) = postSolution
		SolutionGuid = {8F82D6FF-3B2A-438D-B760-0BD4949FFE64}
	EndGlobalSection
EndGlobal
